
Microsoft Visual Studio Solution File, Format Version 12.00
# Visual Studio Version 16
VisualStudioVersion = 16.0.33529.622
MinimumVisualStudioVersion = 10.0.40219.1
Project("{FAE04EC0-301F-11D3-BF4B-00C04F79EFBC}") = "LapTrinhHuongDoiTuong", "LapTrinhHuongDoiTuong\LapTrinhHuongDoiTuong.csproj", "{7B2C58FD-7F64-4403-B885-2C7DADB20330}"
EndProject
Global
	GlobalSection(SolutionConfigurationPlatforms) = preSolution
		Debug|Any CPU = Debug|Any CPU
		Release|Any CPU = Release|Any CPU
	EndGlobalSection
	GlobalSection(ProjectConfigurationPlatforms) = postSolution
		{7B2C58FD-7F64-4403-B885-2C7DADB20330}.Debug|Any CPU.ActiveCfg = Debug|Any CPU
		{7B2C58FD-7F64-4403-B885-2C7DADB20330}.Debug|Any CPU.Build.0 = Debug|Any CPU
		{7B2C58FD-7F64-4403-B885-2C7DADB20330}.Release|Any CPU.ActiveCfg = Release|Any CPU
		{7B2C58FD-7F64-4403-B885-2C7DADB20330}.Release|Any CPU.Build.0 = Release|Any CPU
	EndGlobalSection
	GlobalSection(SolutionProperties) = preSolution
		HideSolutionNode = FALSE
	EndGlobalSection
	GlobalSection(ExtensibilityGlobals) = postSolution
		SolutionGuid = {46BD14B9-8A06-48C3-8394-388F09FAC60D}
	EndGlobalSection
EndGlobal
